// !$*UTF8*$!
{
	archiveVersion = 1;
	classes = {
	};
	objectVersion = 46;
	objects = {

/* Begin PBXBuildFile section */
		88F255B91BCEE5A600DE90F9 /* AppDelegate.swift in Sources */ = {isa = PBXBuildFile; fileRef = 88F255B81BCEE5A600DE90F9 /* AppDelegate.swift */; };
		88F255BB1BCEE5A600DE90F9 /* ViewController.swift in Sources */ = {isa = PBXBuildFile; fileRef = 88F255BA1BCEE5A600DE90F9 /* ViewController.swift */; };
		88F255BE1BCEE5A600DE90F9 /* Main.storyboard in Resources */ = {isa = PBXBuildFile; fileRef = 88F255BC1BCEE5A600DE90F9 /* Main.storyboard */; };
		88F255C01BCEE5A600DE90F9 /* Assets.xcassets in Resources */ = {isa = PBXBuildFile; fileRef = 88F255BF1BCEE5A600DE90F9 /* Assets.xcassets */; };
		88F255C31BCEE5A600DE90F9 /* LaunchScreen.storyboard in Resources */ = {isa = PBXBuildFile; fileRef = 88F255C11BCEE5A600DE90F9 /* LaunchScreen.storyboard */; };
/* End PBXBuildFile section */

/* Begin PBXFileReference section */
		88F255B51BCEE5A600DE90F9 /* Multiples.app */ = {isa = PBXFileReference; explicitFileType = wrapper.application; includeInIndex = 0; path = Multiples.app; sourceTree = BUILT_PRODUCTS_DIR; };
		88F255B81BCEE5A600DE90F9 /* AppDelegate.swift */ = {isa = PBXFileReference; lastKnownFileType = sourcecode.swift; path = AppDelegate.swift; sourceTree = "<group>"; };
		88F255BA1BCEE5A600DE90F9 /* ViewController.swift */ = {isa = PBXFileReference; lastKnownFileType = sourcecode.swift; path = ViewController.swift; sourceTree = "<group>"; };
		88F255BD1BCEE5A600DE90F9 /* Base */ = {isa = PBXFileReference; lastKnownFileType = file.storyboard; name = Base; path = Base.lproj/Main.storyboard; sourceTree = "<group>"; };
		88F255BF1BCEE5A600DE90F9 /* Assets.xcassets */ = {isa = PBXFileReference; lastKnownFileType = folder.assetcatalog; path = Assets.xcassets; sourceTree = "<group>"; };
		88F255C21BCEE5A600DE90F9 /* Base */ = {isa = PBXFileReference; lastKnownFileType = file.storyboard; name = Base; path = Base.lproj/LaunchScreen.storyboard; sourceTree = "<group>"; };
		88F255C41BCEE5A600DE90F9 /* Info.plist */ = {isa = PBXFileReference; lastKnownFileType = text.plist.xml; path = Info.plist; sourceTree = "<group>"; };
/* End PBXFileReference section */

/* Begin PBXFrameworksBuildPhase section */
		88F255B21BCEE5A600DE90F9 /* Frameworks */ = {
			isa = PBXFrameworksBuildPhase;
			buildActionMask = 2147483647;
			files = (
			);
			runOnlyForDeploymentPostprocessing = 0;
		};
/* End PBXFrameworksBuildPhase section */

/* Begin PBXGroup section */
		88F255AC1BCEE5A600DE90F9 = {
			isa = PBXGroup;
			children = (
				88F255B71BCEE5A600DE90F9 /* Multiples */,
				88F255B61BCEE5A600DE90F9 /* Products */,
			);
			sourceTree = "<group>";
		};
		88F255B61BCEE5A600DE90F9 /* Products */ = {
			isa = PBXGroup;
			children = (
				88F255B51BCEE5A600DE90F9 /* Multiples.app */,
			);
			name = Products;
			sourceTree = "<group>";
		};
		88F255B71BCEE5A600DE90F9 /* Multiples */ = {
			isa = PBXGroup;
			children = (
				88F255B81BCEE5A600DE90F9 /* AppDelegate.swift */,
				88F255BA1BCEE5A600DE90F9 /* ViewController.swift */,
				88F255BC1BCEE5A600DE90F9 /* Main.storyboard */,
				88F255BF1BCEE5A600DE90F9 /* Assets.xcassets */,
				88F255C11BCEE5A600DE90F9 /* LaunchScreen.storyboard */,
				88F255C41BCEE5A600DE90F9 /* Info.plist */,
			);
			path = Multiples;
			sourceTree = "<group>";
		};
/* End PBXGroup section */

/* Begin PBXNativeTarget section */
		88F255B41BCEE5A600DE90F9 /* Multiples */ = {
			isa = PBXNativeTarget;
			buildConfigurationList = 88F255C71BCEE5A600DE90F9 /* Build configuration list for PBXNativeTarget "Multiples" */;
			buildPhases = (
				88F255B11BCEE5A600DE90F9 /* Sources */,
				88F255B21BCEE5A600DE90F9 /* Frameworks */,
				88F255B31BCEE5A600DE90F9 /* Resources */,
			);
			buildRules = (
			);
			dependencies = (
			);
			name = Multiples;
			productName = Multiples;
			productReference = 88F255B51BCEE5A600DE90F9 /* Multiples.app */;
			productType = "com.apple.product-type.application";
		};
/* End PBXNativeTarget section */

/* Begin PBXProject section */
		88F255AD1BCEE5A600DE90F9 /* Project object */ = {
			isa = PBXProject;
			attributes = {
				LastUpgradeCheck = 0700;
				ORGANIZATIONNAME = "Bryan Ebert";
				TargetAttributes = {
					88F255B41BCEE5A600DE90F9 = {
						CreatedOnToolsVersion = 7.0.1;
					};
				};
			};
			buildConfigurationList = 88F255B01BCEE5A600DE90F9 /* Build configuration list for PBXProject "Multiples" */;
			compatibilityVersion = "Xcode 3.2";
			developmentRegion = English;
			hasScannedForEncodings = 0;
			knownRegions = (
				en,
				Base,
			);
			mainGroup = 88F255AC1BCEE5A600DE90F9;
			productRefGroup = 88F255B61BCEE5A600DE90F9 /* Products */;
			projectDirPath = "";
			projectRoot = "";
			targets = (
				88F255B41BCEE5A600DE90F9 /* Multiples */,
			);
		};
/* End PBXProject section */

/* Begin PBXResourcesBuildPhase section */
		88F255B31BCEE5A600DE90F9 /* Resources */ = {
			isa = PBXResourcesBuildPhase;
			buildActionMask = 2147483647;
			files = (
				88F255C31BCEE5A600DE90F9 /* LaunchScreen.storyboard in Resources */,
				88F255C01BCEE5A600DE90F9 /* Assets.xcassets in Resources */,
				88F255BE1BCEE5A600DE90F9 /* Main.storyboard in Resources */,
			);
			runOnlyForDeploymentPostprocessing = 0;
		};
/* End PBXResourcesBuildPhase section */

/* Begin PBXSourcesBuildPhase section */
		88F255B11BCEE5A600DE90F9 /* Sources */ = {
			isa = PBXSourcesBuildPhase;
			buildActionMask = 2147483647;
			files = (
				88F255BB1BCEE5A600DE90F9 /* ViewController.swift in Sources */,
				88F255B91BCEE5A600DE90F9 /* AppDelegate.swift in Sources */,
			);
			runOnlyForDeploymentPostprocessing = 0;
		};
/* End PBXSourcesBuildPhase section */

/* Begin PBXVariantGroup section */
		88F255BC1BCEE5A600DE90F9 /* Main.storyboard */ = {
			isa = PBXVariantGroup;
			children = (
				88F255BD1BCEE5A600DE90F9 /* Base */,
			);
			name = Main.storyboard;
			sourceTree = "<group>";
		};
		88F255C11BCEE5A600DE90F9 /* LaunchScreen.storyboard */ = {
			isa = PBXVariantGroup;
			children = (
				88F255C21BCEE5A600DE90F9 /* Base */,
			);
			name = LaunchScreen.storyboard;
			sourceTree = "<group>";
		};
/* End PBXVariantGroup section */

/* Begin XCBuildConfiguration section */
		88F255C51BCEE5A600DE90F9 /* Debug */ = {
			isa = XCBuildConfiguration;
			buildSettings = {
				ALWAYS_SEARCH_USER_PATHS = NO;
				CLANG_CXX_LANGUAGE_STANDARD = "gnu++0x";
				CLANG_CXX_LIBRARY = "libc++";
				CLANG_ENABLE_MODULES = YES;
				CLANG_ENABLE_OBJC_ARC = YES;
				CLANG_WARN_BOOL_CONVERSION = YES;
				CLANG_WARN_CONSTANT_CONVERSION = YES;
				CLANG_WARN_DIRECT_OBJC_ISA_USAGE = YES_ERROR;
				CLANG_WARN_EMPTY_BODY = YES;
				CLANG_WARN_ENUM_CONVERSION = YES;
				CLANG_WARN_INT_CONVERSION = YES;
				CLANG_WARN_OBJC_ROOT_CLASS = YES_ERROR;
				CLANG_WARN_UNREACHABLE_CODE = YES;
				CLANG_WARN__DUPLICATE_METHOD_MATCH = YES;
				"CODE_SIGN_IDENTITY[sdk=iphoneos*]" = "iPhone Developer";
				COPY_PHASE_STRIP = NO;
				DEBUG_INFORMATION_FORMAT = dwarf;
				ENABLE_STRICT_OBJC_MSGSEND = YES;
				ENABLE_TESTABILITY = YES;
				GCC_C_LANGUAGE_STANDARD = gnu99;
				GCC_DYNAMIC_NO_PIC = NO;
				GCC_NO_COMMON_BLOCKS = YES;
				GCC_OPTIMIZATION_LEVEL = 0;
				GCC_PREPROCESSOR_DEFINITIONS = (
					"DEBUG=1",
					"$(inherited)",
				);
				GCC_WARN_64_TO_32_BIT_CONVERSION = YES;
				GCC_WARN_ABOUT_RETURN_TYPE = YES_ERROR;
				GCC_WARN_UNDECLARED_SELECTOR = YES;
				GCC_WARN_UNINITIALIZED_AUTOS = YES_AGGRESSIVE;
				GCC_WARN_UNUSED_FUNCTION = YES;
				GCC_WARN_UNUSED_VARIABLE = YES;
				IPHONEOS_DEPLOYMENT_TARGET = 9.0;
				MTL_ENABLE_DEBUG_INFO = YES;
				ONLY_ACTIVE_ARCH = YES;
				SDKROOT = iphoneos;
				SWIFT_OPTIMIZATION_LEVEL = "-Onone";
			};
			name = Debug;
		};
		88F255C61BCEE5A600DE90F9 /* Release */ = {
			isa = XCBuildConfiguration;
			buildSettings = {
				ALWAYS_SEARCH_USER_PATHS = NO;
				CLANG_CXX_LANGUAGE_STANDARD = "gnu++0x";
				CLANG_CXX_LIBRARY = "libc++";
				CLANG_ENABLE_MODULES = YES;
				CLANG_ENABLE_OBJC_ARC = YES;
				CLANG_WARN_BOOL_CONVERSION = YES;
				CLANG_WARN_CONSTANT_CONVERSION = YES;
				CLANG_WARN_DIRECT_OBJC_ISA_USAGE = YES_ERROR;
				CLANG_WARN_EMPTY_BODY = YES;
				CLANG_WARN_ENUM_CONVERSION = YES;
				CLANG_WARN_INT_CONVERSION = YES;
				CLANG_WARN_OBJC_ROOT_CLASS = YES_ERROR;
				CLANG_WARN_UNREACHABLE_CODE = YES;
				CLANG_WARN__DUPLICATE_METHOD_MATCH = YES;
				"CODE_SIGN_IDENTITY[sdk=iphoneos*]" = "iPhone Developer";
				COPY_PHASE_STRIP = NO;
				DEBUG_INFORMATION_FORMAT = "dwarf-with-dsym";
				ENABLE_NS_ASSERTIONS = NO;
				ENABLE_STRICT_OBJC_MSGSEND = YES;
				GCC_C_LANGUAGE_STANDARD = gnu99;
				GCC_NO_COMMON_BLOCKS = YES;
				GCC_WARN_64_TO_32_BIT_CONVERSION = YES;
				GCC_WARN_ABOUT_RETURN_TYPE = YES_ERROR;
				GCC_WARN_UNDECLARED_SELECTOR = YES;
				GCC_WARN_UNINITIALIZED_AUTOS = YES_AGGRESSIVE;
				GCC_WARN_UNUSED_FUNCTION = YES;
				GCC_WARN_UNUSED_VARIABLE = YES;
				IPHONEOS_DEPLOYMENT_TARGET = 9.0;
				MTL_ENABLE_DEBUG_INFO = NO;
				SDKROOT = iphoneos;
				VALIDATE_PRODUCT = YES;
			};
			name = Release;
		};
		88F255C81BCEE5A600DE90F9 /* Debug */ = {
			isa = XCBuildConfiguration;
			buildSettings = {
				ASSETCATALOG_COMPILER_APPICON_NAME = AppIcon;
				INFOPLIST_FILE = Multiples/Info.plist;
				LD_RUNPATH_SEARCH_PATHS = "$(inherited) @executable_path/Frameworks";
				PRODUCT_BUNDLE_IDENTIFIER = com.bryanebert.Multiples;
				PRODUCT_NAME = "$(TARGET_NAME)";
			};
			name = Debug;
		};
		88F255C91BCEE5A600DE90F9 /* Release */ = {
			isa = XCBuildConfiguration;
			buildSettings = {
				ASSETCATALOG_COMPILER_APPICON_NAME = AppIcon;
				INFOPLIST_FILE = Multiples/Info.plist;
				LD_RUNPATH_SEARCH_PATHS = "$(inherited) @executable_path/Frameworks";
				PRODUCT_BUNDLE_IDENTIFIER = com.bryanebert.Multiples;
				PRODUCT_NAME = "$(TARGET_NAME)";
			};
			name = Release;
		};
/* End XCBuildConfiguration section */

/* Begin XCConfigurationList section */
		88F255B01BCEE5A600DE90F9 /* Build configuration list for PBXProject "Multiples" */ = {
			isa = XCConfigurationList;
			buildConfigurations = (
				88F255C51BCEE5A600DE90F9 /* Debug */,
				88F255C61BCEE5A600DE90F9 /* Release */,
			);
			defaultConfigurationIsVisible = 0;
			defaultConfigurationName = Release;
		};
		88F255C71BCEE5A600DE90F9 /* Build configuration list for PBXNativeTarget "Multiples" */ = {
			isa = XCConfigurationList;
			buildConfigurations = (
				88F255C81BCEE5A600DE90F9 /* Debug */,
				88F255C91BCEE5A600DE90F9 /* Release */,
			);
			defaultConfigurationIsVisible = 0;
		};
/* End XCConfigurationList section */
	};
	rootObject = 88F255AD1BCEE5A600DE90F9 /* Project object */;
}
